{
  "pins" : [
    {
      "identity" : "libwebp-ios",
      "kind" : "remoteSourceControl",
      "location" : "https://github.com/awxkee/libwebp-ios.git",
      "state" : {
        "revision" : "92c91ab46fbc19477067a193d94b06a2902aefba",
        "version" : "1.0.3"
      }
    }
  ],
  "version" : 2
}
