{
  "pins" : [
    {
      "identity" : "libwebp-ios",
      "kind" : "remoteSourceControl",
      "location" : "https://github.com/awxkee/libwebp-ios.git",
      "state" : {
        "revision" : "d59e70750f2a93c93867685ae0f7303d512c58db",
        "version" : "1.0.2"
      }
    }
  ],
  "version" : 2
}
