{
  "pins" : [
    {
      "identity" : "libwebp-ios",
      "kind" : "remoteSourceControl",
      "location" : "https://github.com/awxkee/libwebp-ios.git",
      "state" : {
        "branch" : "master",
        "revision" : "cab26315dd712736f50132c6060c0bdaa2ffb321"
      }
    }
  ],
  "version" : 2
}
